
Microsoft Visual Studio Solution File, Format Version 12.00
# Visual Studio Version 17
VisualStudioVersion = 17.0.32014.148
MinimumVisualStudioVersion = 10.0.40219.1
Project("{9A19103F-16F7-4668-BE54-9A1E7A4F7556}") = "Calculator", "Calculator\Calculator.csproj", "{C139D76A-E5C6-4A22-A6A8-465EF7F5F4D7}"
EndProject
Global
	GlobalSection(SolutionConfigurationPlatforms) = preSolution
		Debug|Any CPU = Debug|Any CPU
		Release|Any CPU = Release|Any CPU
	EndGlobalSection
	GlobalSection(ProjectConfigurationPlatforms) = postSolution
		{C139D76A-E5C6-4A22-A6A8-465EF7F5F4D7}.Debug|Any CPU.ActiveCfg = Debug|Any CPU
		{C139D76A-E5C6-4A22-A6A8-465EF7F5F4D7}.Debug|Any CPU.Build.0 = Debug|Any CPU
		{C139D76A-E5C6-4A22-A6A8-465EF7F5F4D7}.Release|Any CPU.ActiveCfg = Release|Any CPU
		{C139D76A-E5C6-4A22-A6A8-465EF7F5F4D7}.Release|Any CPU.Build.0 = Release|Any CPU
	EndGlobalSection
	GlobalSection(SolutionProperties) = preSolution
		HideSolutionNode = FALSE
	EndGlobalSection
	GlobalSection(ExtensibilityGlobals) = postSolution
		SolutionGuid = {F72784F9-37A9-43F4-9DE8-3A0154710A9B}
	EndGlobalSection
EndGlobal
